
Microsoft Visual Studio Solution File, Format Version 12.00
# Visual Studio Version 16
VisualStudioVersion = 16.0.31313.79
MinimumVisualStudioVersion = 10.0.40219.1
Project("{FAE04EC0-301F-11D3-BF4B-00C04F79EFBC}") = "Week6.Test.Assicurazione", "Week6.Test.Assicurazione\Week6.Test.Assicurazione.csproj", "{2009F559-06AD-46D9-A3CD-2E208F55444E}"
EndProject
Global
	GlobalSection(SolutionConfigurationPlatforms) = preSolution
		Debug|Any CPU = Debug|Any CPU
		Release|Any CPU = Release|Any CPU
	EndGlobalSection
	GlobalSection(ProjectConfigurationPlatforms) = postSolution
		{2009F559-06AD-46D9-A3CD-2E208F55444E}.Debug|Any CPU.ActiveCfg = Debug|Any CPU
		{2009F559-06AD-46D9-A3CD-2E208F55444E}.Debug|Any CPU.Build.0 = Debug|Any CPU
		{2009F559-06AD-46D9-A3CD-2E208F55444E}.Release|Any CPU.ActiveCfg = Release|Any CPU
		{2009F559-06AD-46D9-A3CD-2E208F55444E}.Release|Any CPU.Build.0 = Release|Any CPU
	EndGlobalSection
	GlobalSection(SolutionProperties) = preSolution
		HideSolutionNode = FALSE
	EndGlobalSection
	GlobalSection(ExtensibilityGlobals) = postSolution
		SolutionGuid = {8F4F8FE2-33D4-4000-A738-F318268D51CE}
	EndGlobalSection
EndGlobal
